// !$*UTF8*$!
{
	archiveVersion = 1;
	classes = {
	};
	objectVersion = 56;
	objects = {

/* Begin PBXBuildFile section */
		742EBA642B068DEB00CC6254 /* ToDoListMasterclassSwiftUIPracticeApp.swift in Sources */ = {isa = PBXBuildFile; fileRef = 742EBA632B068DEB00CC6254 /* ToDoListMasterclassSwiftUIPracticeApp.swift */; };
		742EBA662B068DEB00CC6254 /* ContentView.swift in Sources */ = {isa = PBXBuildFile; fileRef = 742EBA652B068DEB00CC6254 /* ContentView.swift */; };
		742EBA682B068DEE00CC6254 /* Assets.xcassets in Resources */ = {isa = PBXBuildFile; fileRef = 742EBA672B068DEE00CC6254 /* Assets.xcassets */; };
		742EBA6B2B068DEE00CC6254 /* Preview Assets.xcassets in Resources */ = {isa = PBXBuildFile; fileRef = 742EBA6A2B068DEE00CC6254 /* Preview Assets.xcassets */; };
		742EBA732B0692C100CC6254 /* FirebaseAnalytics in Frameworks */ = {isa = PBXBuildFile; productRef = 742EBA722B0692C100CC6254 /* FirebaseAnalytics */; };
		742EBA752B0692C100CC6254 /* FirebaseAnalyticsOnDeviceConversion in Frameworks */ = {isa = PBXBuildFile; productRef = 742EBA742B0692C100CC6254 /* FirebaseAnalyticsOnDeviceConversion */; };
		742EBA772B0692C100CC6254 /* FirebaseAnalyticsSwift in Frameworks */ = {isa = PBXBuildFile; productRef = 742EBA762B0692C100CC6254 /* FirebaseAnalyticsSwift */; };
		742EBA792B0692C100CC6254 /* FirebaseAnalyticsWithoutAdIdSupport in Frameworks */ = {isa = PBXBuildFile; productRef = 742EBA782B0692C100CC6254 /* FirebaseAnalyticsWithoutAdIdSupport */; };
		742EBA7B2B0692C100CC6254 /* FirebaseAppCheck in Frameworks */ = {isa = PBXBuildFile; productRef = 742EBA7A2B0692C100CC6254 /* FirebaseAppCheck */; };
		742EBA7D2B0692C100CC6254 /* FirebaseAppDistribution-Beta in Frameworks */ = {isa = PBXBuildFile; productRef = 742EBA7C2B0692C100CC6254 /* FirebaseAppDistribution-Beta */; };
		742EBA7F2B0692C100CC6254 /* FirebaseAuth in Frameworks */ = {isa = PBXBuildFile; productRef = 742EBA7E2B0692C100CC6254 /* FirebaseAuth */; };
		742EBA812B0692C100CC6254 /* FirebaseAuthCombine-Community in Frameworks */ = {isa = PBXBuildFile; productRef = 742EBA802B0692C100CC6254 /* FirebaseAuthCombine-Community */; };
		742EBA832B0692C100CC6254 /* FirebaseCrashlytics in Frameworks */ = {isa = PBXBuildFile; productRef = 742EBA822B0692C100CC6254 /* FirebaseCrashlytics */; };
		742EBA852B0692C100CC6254 /* FirebaseDatabase in Frameworks */ = {isa = PBXBuildFile; productRef = 742EBA842B0692C100CC6254 /* FirebaseDatabase */; };
		742EBA872B0692C100CC6254 /* FirebaseDatabaseSwift in Frameworks */ = {isa = PBXBuildFile; productRef = 742EBA862B0692C100CC6254 /* FirebaseDatabaseSwift */; };
		742EBA892B0692C100CC6254 /* FirebaseDynamicLinks in Frameworks */ = {isa = PBXBuildFile; productRef = 742EBA882B0692C100CC6254 /* FirebaseDynamicLinks */; };
		742EBA8B2B0692C100CC6254 /* FirebaseFirestore in Frameworks */ = {isa = PBXBuildFile; productRef = 742EBA8A2B0692C100CC6254 /* FirebaseFirestore */; };
		742EBA8D2B0692C100CC6254 /* FirebaseFirestoreCombine-Community in Frameworks */ = {isa = PBXBuildFile; productRef = 742EBA8C2B0692C100CC6254 /* FirebaseFirestoreCombine-Community */; };
		742EBA8F2B0692C100CC6254 /* FirebaseFirestoreSwift in Frameworks */ = {isa = PBXBuildFile; productRef = 742EBA8E2B0692C100CC6254 /* FirebaseFirestoreSwift */; };
		742EBA912B0692C100CC6254 /* FirebaseFunctions in Frameworks */ = {isa = PBXBuildFile; productRef = 742EBA902B0692C100CC6254 /* FirebaseFunctions */; };
		742EBA932B0692C100CC6254 /* FirebaseFunctionsCombine-Community in Frameworks */ = {isa = PBXBuildFile; productRef = 742EBA922B0692C100CC6254 /* FirebaseFunctionsCombine-Community */; };
		742EBA952B0692C100CC6254 /* FirebaseInAppMessaging-Beta in Frameworks */ = {isa = PBXBuildFile; productRef = 742EBA942B0692C100CC6254 /* FirebaseInAppMessaging-Beta */; };
		742EBA972B0692C100CC6254 /* FirebaseInAppMessagingSwift-Beta in Frameworks */ = {isa = PBXBuildFile; productRef = 742EBA962B0692C100CC6254 /* FirebaseInAppMessagingSwift-Beta */; };
		742EBA992B0692C100CC6254 /* FirebaseInstallations in Frameworks */ = {isa = PBXBuildFile; productRef = 742EBA982B0692C100CC6254 /* FirebaseInstallations */; };
		742EBA9B2B0692C100CC6254 /* FirebaseMLModelDownloader in Frameworks */ = {isa = PBXBuildFile; productRef = 742EBA9A2B0692C100CC6254 /* FirebaseMLModelDownloader */; };
		742EBA9D2B0692C100CC6254 /* FirebaseMessaging in Frameworks */ = {isa = PBXBuildFile; productRef = 742EBA9C2B0692C100CC6254 /* FirebaseMessaging */; };
		742EBA9F2B0692C100CC6254 /* FirebasePerformance in Frameworks */ = {isa = PBXBuildFile; productRef = 742EBA9E2B0692C100CC6254 /* FirebasePerformance */; };
		742EBAA12B0692C100CC6254 /* FirebaseRemoteConfig in Frameworks */ = {isa = PBXBuildFile; productRef = 742EBAA02B0692C100CC6254 /* FirebaseRemoteConfig */; };
		742EBAA32B0692C100CC6254 /* FirebaseRemoteConfigSwift in Frameworks */ = {isa = PBXBuildFile; productRef = 742EBAA22B0692C100CC6254 /* FirebaseRemoteConfigSwift */; };
		742EBAA52B0692C100CC6254 /* FirebaseStorage in Frameworks */ = {isa = PBXBuildFile; productRef = 742EBAA42B0692C100CC6254 /* FirebaseStorage */; };
		742EBAA72B0692C100CC6254 /* FirebaseStorageCombine-Community in Frameworks */ = {isa = PBXBuildFile; productRef = 742EBAA62B0692C100CC6254 /* FirebaseStorageCombine-Community */; };
		749EDD5D2B06A0C8003AF7EF /* GoogleService-Info.plist in Resources */ = {isa = PBXBuildFile; fileRef = 749EDD5C2B06A0C8003AF7EF /* GoogleService-Info.plist */; };
/* End PBXBuildFile section */

/* Begin PBXFileReference section */
		742EBA602B068DEB00CC6254 /* ToDoListMasterclassSwiftUIPractice.app */ = {isa = PBXFileReference; explicitFileType = wrapper.application; includeInIndex = 0; path = ToDoListMasterclassSwiftUIPractice.app; sourceTree = BUILT_PRODUCTS_DIR; };
		742EBA632B068DEB00CC6254 /* ToDoListMasterclassSwiftUIPracticeApp.swift */ = {isa = PBXFileReference; lastKnownFileType = sourcecode.swift; path = ToDoListMasterclassSwiftUIPracticeApp.swift; sourceTree = "<group>"; };
		742EBA652B068DEB00CC6254 /* ContentView.swift */ = {isa = PBXFileReference; lastKnownFileType = sourcecode.swift; path = ContentView.swift; sourceTree = "<group>"; };
		742EBA672B068DEE00CC6254 /* Assets.xcassets */ = {isa = PBXFileReference; lastKnownFileType = folder.assetcatalog; path = Assets.xcassets; sourceTree = "<group>"; };
		742EBA6A2B068DEE00CC6254 /* Preview Assets.xcassets */ = {isa = PBXFileReference; lastKnownFileType = folder.assetcatalog; path = "Preview Assets.xcassets"; sourceTree = "<group>"; };
		749EDD5C2B06A0C8003AF7EF /* GoogleService-Info.plist */ = {isa = PBXFileReference; fileEncoding = 4; lastKnownFileType = text.plist.xml; path = "GoogleService-Info.plist"; sourceTree = "<group>"; };
/* End PBXFileReference section */

/* Begin PBXFrameworksBuildPhase section */
		742EBA5D2B068DEB00CC6254 /* Frameworks */ = {
			isa = PBXFrameworksBuildPhase;
			buildActionMask = 2147483647;
			files = (
				742EBA852B0692C100CC6254 /* FirebaseDatabase in Frameworks */,
				742EBA932B0692C100CC6254 /* FirebaseFunctionsCombine-Community in Frameworks */,
				742EBA8B2B0692C100CC6254 /* FirebaseFirestore in Frameworks */,
				742EBA772B0692C100CC6254 /* FirebaseAnalyticsSwift in Frameworks */,
				742EBA732B0692C100CC6254 /* FirebaseAnalytics in Frameworks */,
				742EBA752B0692C100CC6254 /* FirebaseAnalyticsOnDeviceConversion in Frameworks */,
				742EBA9B2B0692C100CC6254 /* FirebaseMLModelDownloader in Frameworks */,
				742EBA8F2B0692C100CC6254 /* FirebaseFirestoreSwift in Frameworks */,
				742EBA7B2B0692C100CC6254 /* FirebaseAppCheck in Frameworks */,
				742EBA792B0692C100CC6254 /* FirebaseAnalyticsWithoutAdIdSupport in Frameworks */,
				742EBA7F2B0692C100CC6254 /* FirebaseAuth in Frameworks */,
				742EBA832B0692C100CC6254 /* FirebaseCrashlytics in Frameworks */,
				742EBAA32B0692C100CC6254 /* FirebaseRemoteConfigSwift in Frameworks */,
				742EBA952B0692C100CC6254 /* FirebaseInAppMessaging-Beta in Frameworks */,
				742EBA872B0692C100CC6254 /* FirebaseDatabaseSwift in Frameworks */,
				742EBA912B0692C100CC6254 /* FirebaseFunctions in Frameworks */,
				742EBAA72B0692C100CC6254 /* FirebaseStorageCombine-Community in Frameworks */,
				742EBAA12B0692C100CC6254 /* FirebaseRemoteConfig in Frameworks */,
				742EBA7D2B0692C100CC6254 /* FirebaseAppDistribution-Beta in Frameworks */,
				742EBA812B0692C100CC6254 /* FirebaseAuthCombine-Community in Frameworks */,
				742EBA9F2B0692C100CC6254 /* FirebasePerformance in Frameworks */,
				742EBA972B0692C100CC6254 /* FirebaseInAppMessagingSwift-Beta in Frameworks */,
				742EBAA52B0692C100CC6254 /* FirebaseStorage in Frameworks */,
				742EBA892B0692C100CC6254 /* FirebaseDynamicLinks in Frameworks */,
				742EBA8D2B0692C100CC6254 /* FirebaseFirestoreCombine-Community in Frameworks */,
				742EBA9D2B0692C100CC6254 /* FirebaseMessaging in Frameworks */,
				742EBA992B0692C100CC6254 /* FirebaseInstallations in Frameworks */,
			);
			runOnlyForDeploymentPostprocessing = 0;
		};
/* End PBXFrameworksBuildPhase section */

/* Begin PBXGroup section */
		742EBA572B068DEB00CC6254 = {
			isa = PBXGroup;
			children = (
				742EBA622B068DEB00CC6254 /* ToDoListMasterclassSwiftUIPractice */,
				742EBA612B068DEB00CC6254 /* Products */,
			);
			sourceTree = "<group>";
		};
		742EBA612B068DEB00CC6254 /* Products */ = {
			isa = PBXGroup;
			children = (
				742EBA602B068DEB00CC6254 /* ToDoListMasterclassSwiftUIPractice.app */,
			);
			name = Products;
			sourceTree = "<group>";
		};
		742EBA622B068DEB00CC6254 /* ToDoListMasterclassSwiftUIPractice */ = {
			isa = PBXGroup;
			children = (
				742EBA632B068DEB00CC6254 /* ToDoListMasterclassSwiftUIPracticeApp.swift */,
				742EBA652B068DEB00CC6254 /* ContentView.swift */,
				742EBA672B068DEE00CC6254 /* Assets.xcassets */,
				749EDD5C2B06A0C8003AF7EF /* GoogleService-Info.plist */,
				742EBA692B068DEE00CC6254 /* Preview Content */,
			);
			path = ToDoListMasterclassSwiftUIPractice;
			sourceTree = "<group>";
		};
		742EBA692B068DEE00CC6254 /* Preview Content */ = {
			isa = PBXGroup;
			children = (
				742EBA6A2B068DEE00CC6254 /* Preview Assets.xcassets */,
			);
			path = "Preview Content";
			sourceTree = "<group>";
		};
/* End PBXGroup section */

/* Begin PBXNativeTarget section */
		742EBA5F2B068DEB00CC6254 /* ToDoListMasterclassSwiftUIPractice */ = {
			isa = PBXNativeTarget;
			buildConfigurationList = 742EBA6E2B068DEE00CC6254 /* Build configuration list for PBXNativeTarget "ToDoListMasterclassSwiftUIPractice" */;
			buildPhases = (
				742EBA5C2B068DEB00CC6254 /* Sources */,
				742EBA5D2B068DEB00CC6254 /* Frameworks */,
				742EBA5E2B068DEB00CC6254 /* Resources */,
			);
			buildRules = (
			);
			dependencies = (
			);
			name = ToDoListMasterclassSwiftUIPractice;
			packageProductDependencies = (
				742EBA722B0692C100CC6254 /* FirebaseAnalytics */,
				742EBA742B0692C100CC6254 /* FirebaseAnalyticsOnDeviceConversion */,
				742EBA762B0692C100CC6254 /* FirebaseAnalyticsSwift */,
				742EBA782B0692C100CC6254 /* FirebaseAnalyticsWithoutAdIdSupport */,
				742EBA7A2B0692C100CC6254 /* FirebaseAppCheck */,
				742EBA7C2B0692C100CC6254 /* FirebaseAppDistribution-Beta */,
				742EBA7E2B0692C100CC6254 /* FirebaseAuth */,
				742EBA802B0692C100CC6254 /* FirebaseAuthCombine-Community */,
				742EBA822B0692C100CC6254 /* FirebaseCrashlytics */,
				742EBA842B0692C100CC6254 /* FirebaseDatabase */,
				742EBA862B0692C100CC6254 /* FirebaseDatabaseSwift */,
				742EBA882B0692C100CC6254 /* FirebaseDynamicLinks */,
				742EBA8A2B0692C100CC6254 /* FirebaseFirestore */,
				742EBA8C2B0692C100CC6254 /* FirebaseFirestoreCombine-Community */,
				742EBA8E2B0692C100CC6254 /* FirebaseFirestoreSwift */,
				742EBA902B0692C100CC6254 /* FirebaseFunctions */,
				742EBA922B0692C100CC6254 /* FirebaseFunctionsCombine-Community */,
				742EBA942B0692C100CC6254 /* FirebaseInAppMessaging-Beta */,
				742EBA962B0692C100CC6254 /* FirebaseInAppMessagingSwift-Beta */,
				742EBA982B0692C100CC6254 /* FirebaseInstallations */,
				742EBA9A2B0692C100CC6254 /* FirebaseMLModelDownloader */,
				742EBA9C2B0692C100CC6254 /* FirebaseMessaging */,
				742EBA9E2B0692C100CC6254 /* FirebasePerformance */,
				742EBAA02B0692C100CC6254 /* FirebaseRemoteConfig */,
				742EBAA22B0692C100CC6254 /* FirebaseRemoteConfigSwift */,
				742EBAA42B0692C100CC6254 /* FirebaseStorage */,
				742EBAA62B0692C100CC6254 /* FirebaseStorageCombine-Community */,
			);
			productName = ToDoListMasterclassSwiftUIPractice;
			productReference = 742EBA602B068DEB00CC6254 /* ToDoListMasterclassSwiftUIPractice.app */;
			productType = "com.apple.product-type.application";
		};
/* End PBXNativeTarget section */

/* Begin PBXProject section */
		742EBA582B068DEB00CC6254 /* Project object */ = {
			isa = PBXProject;
			attributes = {
				BuildIndependentTargetsInParallel = 1;
				LastSwiftUpdateCheck = 1500;
				LastUpgradeCheck = 1500;
				TargetAttributes = {
					742EBA5F2B068DEB00CC6254 = {
						CreatedOnToolsVersion = 15.0.1;
					};
				};
			};
			buildConfigurationList = 742EBA5B2B068DEB00CC6254 /* Build configuration list for PBXProject "ToDoListMasterclassSwiftUIPractice" */;
			compatibilityVersion = "Xcode 14.0";
			developmentRegion = en;
			hasScannedForEncodings = 0;
			knownRegions = (
				en,
				Base,
			);
			mainGroup = 742EBA572B068DEB00CC6254;
			packageReferences = (
				742EBA712B0692C100CC6254 /* XCRemoteSwiftPackageReference "firebase-ios-sdk" */,
			);
			productRefGroup = 742EBA612B068DEB00CC6254 /* Products */;
			projectDirPath = "";
			projectRoot = "";
			targets = (
				742EBA5F2B068DEB00CC6254 /* ToDoListMasterclassSwiftUIPractice */,
			);
		};
/* End PBXProject section */

/* Begin PBXResourcesBuildPhase section */
		742EBA5E2B068DEB00CC6254 /* Resources */ = {
			isa = PBXResourcesBuildPhase;
			buildActionMask = 2147483647;
			files = (
				742EBA6B2B068DEE00CC6254 /* Preview Assets.xcassets in Resources */,
				742EBA682B068DEE00CC6254 /* Assets.xcassets in Resources */,
				749EDD5D2B06A0C8003AF7EF /* GoogleService-Info.plist in Resources */,
			);
			runOnlyForDeploymentPostprocessing = 0;
		};
/* End PBXResourcesBuildPhase section */

/* Begin PBXSourcesBuildPhase section */
		742EBA5C2B068DEB00CC6254 /* Sources */ = {
			isa = PBXSourcesBuildPhase;
			buildActionMask = 2147483647;
			files = (
				742EBA662B068DEB00CC6254 /* ContentView.swift in Sources */,
				742EBA642B068DEB00CC6254 /* ToDoListMasterclassSwiftUIPracticeApp.swift in Sources */,
			);
			runOnlyForDeploymentPostprocessing = 0;
		};
/* End PBXSourcesBuildPhase section */

/* Begin XCBuildConfiguration section */
		742EBA6C2B068DEE00CC6254 /* Debug */ = {
			isa = XCBuildConfiguration;
			buildSettings = {
				ALWAYS_SEARCH_USER_PATHS = NO;
				ASSETCATALOG_COMPILER_GENERATE_SWIFT_ASSET_SYMBOL_EXTENSIONS = YES;
				CLANG_ANALYZER_NONNULL = YES;
				CLANG_ANALYZER_NUMBER_OBJECT_CONVERSION = YES_AGGRESSIVE;
				CLANG_CXX_LANGUAGE_STANDARD = "gnu++20";
				CLANG_ENABLE_MODULES = YES;
				CLANG_ENABLE_OBJC_ARC = YES;
				CLANG_ENABLE_OBJC_WEAK = YES;
				CLANG_WARN_BLOCK_CAPTURE_AUTORELEASING = YES;
				CLANG_WARN_BOOL_CONVERSION = YES;
				CLANG_WARN_COMMA = YES;
				CLANG_WARN_CONSTANT_CONVERSION = YES;
				CLANG_WARN_DEPRECATED_OBJC_IMPLEMENTATIONS = YES;
				CLANG_WARN_DIRECT_OBJC_ISA_USAGE = YES_ERROR;
				CLANG_WARN_DOCUMENTATION_COMMENTS = YES;
				CLANG_WARN_EMPTY_BODY = YES;
				CLANG_WARN_ENUM_CONVERSION = YES;
				CLANG_WARN_INFINITE_RECURSION = YES;
				CLANG_WARN_INT_CONVERSION = YES;
				CLANG_WARN_NON_LITERAL_NULL_CONVERSION = YES;
				CLANG_WARN_OBJC_IMPLICIT_RETAIN_SELF = YES;
				CLANG_WARN_OBJC_LITERAL_CONVERSION = YES;
				CLANG_WARN_OBJC_ROOT_CLASS = YES_ERROR;
				CLANG_WARN_QUOTED_INCLUDE_IN_FRAMEWORK_HEADER = YES;
				CLANG_WARN_RANGE_LOOP_ANALYSIS = YES;
				CLANG_WARN_STRICT_PROTOTYPES = YES;
				CLANG_WARN_SUSPICIOUS_MOVE = YES;
				CLANG_WARN_UNGUARDED_AVAILABILITY = YES_AGGRESSIVE;
				CLANG_WARN_UNREACHABLE_CODE = YES;
				CLANG_WARN__DUPLICATE_METHOD_MATCH = YES;
				COPY_PHASE_STRIP = NO;
				DEBUG_INFORMATION_FORMAT = dwarf;
				ENABLE_STRICT_OBJC_MSGSEND = YES;
				ENABLE_TESTABILITY = YES;
				ENABLE_USER_SCRIPT_SANDBOXING = YES;
				GCC_C_LANGUAGE_STANDARD = gnu17;
				GCC_DYNAMIC_NO_PIC = NO;
				GCC_NO_COMMON_BLOCKS = YES;
				GCC_OPTIMIZATION_LEVEL = 0;
				GCC_PREPROCESSOR_DEFINITIONS = (
					"DEBUG=1",
					"$(inherited)",
				);
				GCC_WARN_64_TO_32_BIT_CONVERSION = YES;
				GCC_WARN_ABOUT_RETURN_TYPE = YES_ERROR;
				GCC_WARN_UNDECLARED_SELECTOR = YES;
				GCC_WARN_UNINITIALIZED_AUTOS = YES_AGGRESSIVE;
				GCC_WARN_UNUSED_FUNCTION = YES;
				GCC_WARN_UNUSED_VARIABLE = YES;
				IPHONEOS_DEPLOYMENT_TARGET = 17.0;
				LOCALIZATION_PREFERS_STRING_CATALOGS = YES;
				MTL_ENABLE_DEBUG_INFO = INCLUDE_SOURCE;
				MTL_FAST_MATH = YES;
				ONLY_ACTIVE_ARCH = YES;
				SDKROOT = iphoneos;
				SWIFT_ACTIVE_COMPILATION_CONDITIONS = "DEBUG $(inherited)";
				SWIFT_OPTIMIZATION_LEVEL = "-Onone";
			};
			name = Debug;
		};
		742EBA6D2B068DEE00CC6254 /* Release */ = {
			isa = XCBuildConfiguration;
			buildSettings = {
				ALWAYS_SEARCH_USER_PATHS = NO;
				ASSETCATALOG_COMPILER_GENERATE_SWIFT_ASSET_SYMBOL_EXTENSIONS = YES;
				CLANG_ANALYZER_NONNULL = YES;
				CLANG_ANALYZER_NUMBER_OBJECT_CONVERSION = YES_AGGRESSIVE;
				CLANG_CXX_LANGUAGE_STANDARD = "gnu++20";
				CLANG_ENABLE_MODULES = YES;
				CLANG_ENABLE_OBJC_ARC = YES;
				CLANG_ENABLE_OBJC_WEAK = YES;
				CLANG_WARN_BLOCK_CAPTURE_AUTORELEASING = YES;
				CLANG_WARN_BOOL_CONVERSION = YES;
				CLANG_WARN_COMMA = YES;
				CLANG_WARN_CONSTANT_CONVERSION = YES;
				CLANG_WARN_DEPRECATED_OBJC_IMPLEMENTATIONS = YES;
				CLANG_WARN_DIRECT_OBJC_ISA_USAGE = YES_ERROR;
				CLANG_WARN_DOCUMENTATION_COMMENTS = YES;
				CLANG_WARN_EMPTY_BODY = YES;
				CLANG_WARN_ENUM_CONVERSION = YES;
				CLANG_WARN_INFINITE_RECURSION = YES;
				CLANG_WARN_INT_CONVERSION = YES;
				CLANG_WARN_NON_LITERAL_NULL_CONVERSION = YES;
				CLANG_WARN_OBJC_IMPLICIT_RETAIN_SELF = YES;
				CLANG_WARN_OBJC_LITERAL_CONVERSION = YES;
				CLANG_WARN_OBJC_ROOT_CLASS = YES_ERROR;
				CLANG_WARN_QUOTED_INCLUDE_IN_FRAMEWORK_HEADER = YES;
				CLANG_WARN_RANGE_LOOP_ANALYSIS = YES;
				CLANG_WARN_STRICT_PROTOTYPES = YES;
				CLANG_WARN_SUSPICIOUS_MOVE = YES;
				CLANG_WARN_UNGUARDED_AVAILABILITY = YES_AGGRESSIVE;
				CLANG_WARN_UNREACHABLE_CODE = YES;
				CLANG_WARN__DUPLICATE_METHOD_MATCH = YES;
				COPY_PHASE_STRIP = NO;
				DEBUG_INFORMATION_FORMAT = "dwarf-with-dsym";
				ENABLE_NS_ASSERTIONS = NO;
				ENABLE_STRICT_OBJC_MSGSEND = YES;
				ENABLE_USER_SCRIPT_SANDBOXING = YES;
				GCC_C_LANGUAGE_STANDARD = gnu17;
				GCC_NO_COMMON_BLOCKS = YES;
				GCC_WARN_64_TO_32_BIT_CONVERSION = YES;
				GCC_WARN_ABOUT_RETURN_TYPE = YES_ERROR;
				GCC_WARN_UNDECLARED_SELECTOR = YES;
				GCC_WARN_UNINITIALIZED_AUTOS = YES_AGGRESSIVE;
				GCC_WARN_UNUSED_FUNCTION = YES;
				GCC_WARN_UNUSED_VARIABLE = YES;
				IPHONEOS_DEPLOYMENT_TARGET = 17.0;
				LOCALIZATION_PREFERS_STRING_CATALOGS = YES;
				MTL_ENABLE_DEBUG_INFO = NO;
				MTL_FAST_MATH = YES;
				SDKROOT = iphoneos;
				SWIFT_COMPILATION_MODE = wholemodule;
				VALIDATE_PRODUCT = YES;
			};
			name = Release;
		};
		742EBA6F2B068DEE00CC6254 /* Debug */ = {
			isa = XCBuildConfiguration;
			buildSettings = {
				ASSETCATALOG_COMPILER_APPICON_NAME = AppIcon;
				ASSETCATALOG_COMPILER_GLOBAL_ACCENT_COLOR_NAME = AccentColor;
				CODE_SIGN_STYLE = Automatic;
				CURRENT_PROJECT_VERSION = 1;
				DEVELOPMENT_ASSET_PATHS = "\"ToDoListMasterclassSwiftUIPractice/Preview Content\"";
				DEVELOPMENT_TEAM = 4A45YWS7LC;
				ENABLE_PREVIEWS = YES;
				GENERATE_INFOPLIST_FILE = YES;
				INFOPLIST_KEY_CFBundleDisplayName = ToDoList;
				INFOPLIST_KEY_UIApplicationSceneManifest_Generation = YES;
				INFOPLIST_KEY_UIApplicationSupportsIndirectInputEvents = YES;
				INFOPLIST_KEY_UILaunchScreen_Generation = YES;
				INFOPLIST_KEY_UISupportedInterfaceOrientations = UIInterfaceOrientationPortrait;
				LD_RUNPATH_SEARCH_PATHS = (
					"$(inherited)",
					"@executable_path/Frameworks",
				);
				MARKETING_VERSION = 1.0;
				PRODUCT_BUNDLE_IDENTIFIER = com.ToDoListMasterclassSwiftUIPractice;
				PRODUCT_NAME = "$(TARGET_NAME)";
				SWIFT_EMIT_LOC_STRINGS = YES;
				SWIFT_VERSION = 5.0;
				TARGETED_DEVICE_FAMILY = "1,2";
			};
			name = Debug;
		};
		742EBA702B068DEE00CC6254 /* Release */ = {
			isa = XCBuildConfiguration;
			buildSettings = {
				ASSETCATALOG_COMPILER_APPICON_NAME = AppIcon;
				ASSETCATALOG_COMPILER_GLOBAL_ACCENT_COLOR_NAME = AccentColor;
				CODE_SIGN_STYLE = Automatic;
				CURRENT_PROJECT_VERSION = 1;
				DEVELOPMENT_ASSET_PATHS = "\"ToDoListMasterclassSwiftUIPractice/Preview Content\"";
				DEVELOPMENT_TEAM = 4A45YWS7LC;
				ENABLE_PREVIEWS = YES;
				GENERATE_INFOPLIST_FILE = YES;
				INFOPLIST_KEY_CFBundleDisplayName = ToDoList;
				INFOPLIST_KEY_UIApplicationSceneManifest_Generation = YES;
				INFOPLIST_KEY_UIApplicationSupportsIndirectInputEvents = YES;
				INFOPLIST_KEY_UILaunchScreen_Generation = YES;
				INFOPLIST_KEY_UISupportedInterfaceOrientations = UIInterfaceOrientationPortrait;
				LD_RUNPATH_SEARCH_PATHS = (
					"$(inherited)",
					"@executable_path/Frameworks",
				);
				MARKETING_VERSION = 1.0;
				PRODUCT_BUNDLE_IDENTIFIER = com.ToDoListMasterclassSwiftUIPractice;
				PRODUCT_NAME = "$(TARGET_NAME)";
				SWIFT_EMIT_LOC_STRINGS = YES;
				SWIFT_VERSION = 5.0;
				TARGETED_DEVICE_FAMILY = "1,2";
			};
			name = Release;
		};
/* End XCBuildConfiguration section */

/* Begin XCConfigurationList section */
		742EBA5B2B068DEB00CC6254 /* Build configuration list for PBXProject "ToDoListMasterclassSwiftUIPractice" */ = {
			isa = XCConfigurationList;
			buildConfigurations = (
				742EBA6C2B068DEE00CC6254 /* Debug */,
				742EBA6D2B068DEE00CC6254 /* Release */,
			);
			defaultConfigurationIsVisible = 0;
			defaultConfigurationName = Release;
		};
		742EBA6E2B068DEE00CC6254 /* Build configuration list for PBXNativeTarget "ToDoListMasterclassSwiftUIPractice" */ = {
			isa = XCConfigurationList;
			buildConfigurations = (
				742EBA6F2B068DEE00CC6254 /* Debug */,
				742EBA702B068DEE00CC6254 /* Release */,
			);
			defaultConfigurationIsVisible = 0;
			defaultConfigurationName = Release;
		};
/* End XCConfigurationList section */

/* Begin XCRemoteSwiftPackageReference section */
		742EBA712B0692C100CC6254 /* XCRemoteSwiftPackageReference "firebase-ios-sdk" */ = {
			isa = XCRemoteSwiftPackageReference;
			repositoryURL = "https://github.com/firebase/firebase-ios-sdk";
			requirement = {
				kind = upToNextMajorVersion;
				minimumVersion = 10.18.0;
			};
		};
/* End XCRemoteSwiftPackageReference section */

/* Begin XCSwiftPackageProductDependency section */
		742EBA722B0692C100CC6254 /* FirebaseAnalytics */ = {
			isa = XCSwiftPackageProductDependency;
			package = 742EBA712B0692C100CC6254 /* XCRemoteSwiftPackageReference "firebase-ios-sdk" */;
			productName = FirebaseAnalytics;
		};
		742EBA742B0692C100CC6254 /* FirebaseAnalyticsOnDeviceConversion */ = {
			isa = XCSwiftPackageProductDependency;
			package = 742EBA712B0692C100CC6254 /* XCRemoteSwiftPackageReference "firebase-ios-sdk" */;
			productName = FirebaseAnalyticsOnDeviceConversion;
		};
		742EBA762B0692C100CC6254 /* FirebaseAnalyticsSwift */ = {
			isa = XCSwiftPackageProductDependency;
			package = 742EBA712B0692C100CC6254 /* XCRemoteSwiftPackageReference "firebase-ios-sdk" */;
			productName = FirebaseAnalyticsSwift;
		};
		742EBA782B0692C100CC6254 /* FirebaseAnalyticsWithoutAdIdSupport */ = {
			isa = XCSwiftPackageProductDependency;
			package = 742EBA712B0692C100CC6254 /* XCRemoteSwiftPackageReference "firebase-ios-sdk" */;
			productName = FirebaseAnalyticsWithoutAdIdSupport;
		};
		742EBA7A2B0692C100CC6254 /* FirebaseAppCheck */ = {
			isa = XCSwiftPackageProductDependency;
			package = 742EBA712B0692C100CC6254 /* XCRemoteSwiftPackageReference "firebase-ios-sdk" */;
			productName = FirebaseAppCheck;
		};
		742EBA7C2B0692C100CC6254 /* FirebaseAppDistribution-Beta */ = {
			isa = XCSwiftPackageProductDependency;
			package = 742EBA712B0692C100CC6254 /* XCRemoteSwiftPackageReference "firebase-ios-sdk" */;
			productName = "FirebaseAppDistribution-Beta";
		};
		742EBA7E2B0692C100CC6254 /* FirebaseAuth */ = {
			isa = XCSwiftPackageProductDependency;
			package = 742EBA712B0692C100CC6254 /* XCRemoteSwiftPackageReference "firebase-ios-sdk" */;
			productName = FirebaseAuth;
		};
		742EBA802B0692C100CC6254 /* FirebaseAuthCombine-Community */ = {
			isa = XCSwiftPackageProductDependency;
			package = 742EBA712B0692C100CC6254 /* XCRemoteSwiftPackageReference "firebase-ios-sdk" */;
			productName = "FirebaseAuthCombine-Community";
		};
		742EBA822B0692C100CC6254 /* FirebaseCrashlytics */ = {
			isa = XCSwiftPackageProductDependency;
			package = 742EBA712B0692C100CC6254 /* XCRemoteSwiftPackageReference "firebase-ios-sdk" */;
			productName = FirebaseCrashlytics;
		};
		742EBA842B0692C100CC6254 /* FirebaseDatabase */ = {
			isa = XCSwiftPackageProductDependency;
			package = 742EBA712B0692C100CC6254 /* XCRemoteSwiftPackageReference "firebase-ios-sdk" */;
			productName = FirebaseDatabase;
		};
		742EBA862B0692C100CC6254 /* FirebaseDatabaseSwift */ = {
			isa = XCSwiftPackageProductDependency;
			package = 742EBA712B0692C100CC6254 /* XCRemoteSwiftPackageReference "firebase-ios-sdk" */;
			productName = FirebaseDatabaseSwift;
		};
		742EBA882B0692C100CC6254 /* FirebaseDynamicLinks */ = {
			isa = XCSwiftPackageProductDependency;
			package = 742EBA712B0692C100CC6254 /* XCRemoteSwiftPackageReference "firebase-ios-sdk" */;
			productName = FirebaseDynamicLinks;
		};
		742EBA8A2B0692C100CC6254 /* FirebaseFirestore */ = {
			isa = XCSwiftPackageProductDependency;
			package = 742EBA712B0692C100CC6254 /* XCRemoteSwiftPackageReference "firebase-ios-sdk" */;
			productName = FirebaseFirestore;
		};
		742EBA8C2B0692C100CC6254 /* FirebaseFirestoreCombine-Community */ = {
			isa = XCSwiftPackageProductDependency;
			package = 742EBA712B0692C100CC6254 /* XCRemoteSwiftPackageReference "firebase-ios-sdk" */;
			productName = "FirebaseFirestoreCombine-Community";
		};
		742EBA8E2B0692C100CC6254 /* FirebaseFirestoreSwift */ = {
			isa = XCSwiftPackageProductDependency;
			package = 742EBA712B0692C100CC6254 /* XCRemoteSwiftPackageReference "firebase-ios-sdk" */;
			productName = FirebaseFirestoreSwift;
		};
		742EBA902B0692C100CC6254 /* FirebaseFunctions */ = {
			isa = XCSwiftPackageProductDependency;
			package = 742EBA712B0692C100CC6254 /* XCRemoteSwiftPackageReference "firebase-ios-sdk" */;
			productName = FirebaseFunctions;
		};
		742EBA922B0692C100CC6254 /* FirebaseFunctionsCombine-Community */ = {
			isa = XCSwiftPackageProductDependency;
			package = 742EBA712B0692C100CC6254 /* XCRemoteSwiftPackageReference "firebase-ios-sdk" */;
			productName = "FirebaseFunctionsCombine-Community";
		};
		742EBA942B0692C100CC6254 /* FirebaseInAppMessaging-Beta */ = {
			isa = XCSwiftPackageProductDependency;
			package = 742EBA712B0692C100CC6254 /* XCRemoteSwiftPackageReference "firebase-ios-sdk" */;
			productName = "FirebaseInAppMessaging-Beta";
		};
		742EBA962B0692C100CC6254 /* FirebaseInAppMessagingSwift-Beta */ = {
			isa = XCSwiftPackageProductDependency;
			package = 742EBA712B0692C100CC6254 /* XCRemoteSwiftPackageReference "firebase-ios-sdk" */;
			productName = "FirebaseInAppMessagingSwift-Beta";
		};
		742EBA982B0692C100CC6254 /* FirebaseInstallations */ = {
			isa = XCSwiftPackageProductDependency;
			package = 742EBA712B0692C100CC6254 /* XCRemoteSwiftPackageReference "firebase-ios-sdk" */;
			productName = FirebaseInstallations;
		};
		742EBA9A2B0692C100CC6254 /* FirebaseMLModelDownloader */ = {
			isa = XCSwiftPackageProductDependency;
			package = 742EBA712B0692C100CC6254 /* XCRemoteSwiftPackageReference "firebase-ios-sdk" */;
			productName = FirebaseMLModelDownloader;
		};
		742EBA9C2B0692C100CC6254 /* FirebaseMessaging */ = {
			isa = XCSwiftPackageProductDependency;
			package = 742EBA712B0692C100CC6254 /* XCRemoteSwiftPackageReference "firebase-ios-sdk" */;
			productName = FirebaseMessaging;
		};
		742EBA9E2B0692C100CC6254 /* FirebasePerformance */ = {
			isa = XCSwiftPackageProductDependency;
			package = 742EBA712B0692C100CC6254 /* XCRemoteSwiftPackageReference "firebase-ios-sdk" */;
			productName = FirebasePerformance;
		};
		742EBAA02B0692C100CC6254 /* FirebaseRemoteConfig */ = {
			isa = XCSwiftPackageProductDependency;
			package = 742EBA712B0692C100CC6254 /* XCRemoteSwiftPackageReference "firebase-ios-sdk" */;
			productName = FirebaseRemoteConfig;
		};
		742EBAA22B0692C100CC6254 /* FirebaseRemoteConfigSwift */ = {
			isa = XCSwiftPackageProductDependency;
			package = 742EBA712B0692C100CC6254 /* XCRemoteSwiftPackageReference "firebase-ios-sdk" */;
			productName = FirebaseRemoteConfigSwift;
		};
		742EBAA42B0692C100CC6254 /* FirebaseStorage */ = {
			isa = XCSwiftPackageProductDependency;
			package = 742EBA712B0692C100CC6254 /* XCRemoteSwiftPackageReference "firebase-ios-sdk" */;
			productName = FirebaseStorage;
		};
		742EBAA62B0692C100CC6254 /* FirebaseStorageCombine-Community */ = {
			isa = XCSwiftPackageProductDependency;
			package = 742EBA712B0692C100CC6254 /* XCRemoteSwiftPackageReference "firebase-ios-sdk" */;
			productName = "FirebaseStorageCombine-Community";
		};
/* End XCSwiftPackageProductDependency section */
	};
	rootObject = 742EBA582B068DEB00CC6254 /* Project object */;
}
